// !$*UTF8*$!
{
	archiveVersion = 1;
	classes = {
	};
	objectVersion = 56;
	objects = {

/* Begin PBXBuildFile section */
		F105A3472A53CF8D00789C3E /* AddView.swift in Sources */ = {isa = PBXBuildFile; fileRef = F105A3462A53CF8D00789C3E /* AddView.swift */; };
		F105A34A2A53D2AD00789C3E /* ItemModel.swift in Sources */ = {isa = PBXBuildFile; fileRef = F105A3492A53D2AD00789C3E /* ItemModel.swift */; };
		F105A34D2A53DB6900789C3E /* ListViewModel.swift in Sources */ = {isa = PBXBuildFile; fileRef = F105A34C2A53DB6900789C3E /* ListViewModel.swift */; };
		F12EA56D2A53191400162D6F /* ToDoListAppSwiftUIApp.swift in Sources */ = {isa = PBXBuildFile; fileRef = F12EA56C2A53191400162D6F /* ToDoListAppSwiftUIApp.swift */; };
		F12EA5712A53191600162D6F /* Assets.xcassets in Resources */ = {isa = PBXBuildFile; fileRef = F12EA5702A53191600162D6F /* Assets.xcassets */; };
		F12EA5742A53191600162D6F /* Preview Assets.xcassets in Resources */ = {isa = PBXBuildFile; fileRef = F12EA5732A53191600162D6F /* Preview Assets.xcassets */; };
		F12EA57C2A5319E500162D6F /* ListView.swift in Sources */ = {isa = PBXBuildFile; fileRef = F12EA57B2A5319E500162D6F /* ListView.swift */; };
		F12EA57E2A531B3200162D6F /* ListRowView.swift in Sources */ = {isa = PBXBuildFile; fileRef = F12EA57D2A531B3200162D6F /* ListRowView.swift */; };
		F131A6F72A544C5700109216 /* NoItemFoundView.swift in Sources */ = {isa = PBXBuildFile; fileRef = F131A6F62A544C5700109216 /* NoItemFoundView.swift */; };
		F147629E2A55A2B500C48E8C /* LaunchScreen.storyboard in Resources */ = {isa = PBXBuildFile; fileRef = F147629D2A55A2B500C48E8C /* LaunchScreen.storyboard */; };
/* End PBXBuildFile section */

/* Begin PBXFileReference section */
		F105A3462A53CF8D00789C3E /* AddView.swift */ = {isa = PBXFileReference; lastKnownFileType = sourcecode.swift; path = AddView.swift; sourceTree = "<group>"; };
		F105A3492A53D2AD00789C3E /* ItemModel.swift */ = {isa = PBXFileReference; lastKnownFileType = sourcecode.swift; path = ItemModel.swift; sourceTree = "<group>"; };
		F105A34C2A53DB6900789C3E /* ListViewModel.swift */ = {isa = PBXFileReference; lastKnownFileType = sourcecode.swift; path = ListViewModel.swift; sourceTree = "<group>"; };
		F12EA5692A53191400162D6F /* ToDoListAppSwiftUI.app */ = {isa = PBXFileReference; explicitFileType = wrapper.application; includeInIndex = 0; path = ToDoListAppSwiftUI.app; sourceTree = BUILT_PRODUCTS_DIR; };
		F12EA56C2A53191400162D6F /* ToDoListAppSwiftUIApp.swift */ = {isa = PBXFileReference; lastKnownFileType = sourcecode.swift; path = ToDoListAppSwiftUIApp.swift; sourceTree = "<group>"; };
		F12EA5702A53191600162D6F /* Assets.xcassets */ = {isa = PBXFileReference; lastKnownFileType = folder.assetcatalog; path = Assets.xcassets; sourceTree = "<group>"; };
		F12EA5732A53191600162D6F /* Preview Assets.xcassets */ = {isa = PBXFileReference; lastKnownFileType = folder.assetcatalog; path = "Preview Assets.xcassets"; sourceTree = "<group>"; };
		F12EA57B2A5319E500162D6F /* ListView.swift */ = {isa = PBXFileReference; lastKnownFileType = sourcecode.swift; path = ListView.swift; sourceTree = "<group>"; };
		F12EA57D2A531B3200162D6F /* ListRowView.swift */ = {isa = PBXFileReference; lastKnownFileType = sourcecode.swift; path = ListRowView.swift; sourceTree = "<group>"; };
		F131A6F62A544C5700109216 /* NoItemFoundView.swift */ = {isa = PBXFileReference; lastKnownFileType = sourcecode.swift; path = NoItemFoundView.swift; sourceTree = "<group>"; };
		F147629D2A55A2B500C48E8C /* LaunchScreen.storyboard */ = {isa = PBXFileReference; lastKnownFileType = file.storyboard; path = LaunchScreen.storyboard; sourceTree = "<group>"; };
/* End PBXFileReference section */

/* Begin PBXFrameworksBuildPhase section */
		F12EA5662A53191400162D6F /* Frameworks */ = {
			isa = PBXFrameworksBuildPhase;
			buildActionMask = 2147483647;
			files = (
			);
			runOnlyForDeploymentPostprocessing = 0;
		};
/* End PBXFrameworksBuildPhase section */

/* Begin PBXGroup section */
		F105A3482A53D23B00789C3E /* Model */ = {
			isa = PBXGroup;
			children = (
				F105A3492A53D2AD00789C3E /* ItemModel.swift */,
			);
			path = Model;
			sourceTree = "<group>";
		};
		F105A34B2A53DB4D00789C3E /* ViewModel */ = {
			isa = PBXGroup;
			children = (
				F105A34C2A53DB6900789C3E /* ListViewModel.swift */,
			);
			path = ViewModel;
			sourceTree = "<group>";
		};
		F12EA5602A53191400162D6F = {
			isa = PBXGroup;
			children = (
				F12EA56B2A53191400162D6F /* ToDoListAppSwiftUI */,
				F12EA56A2A53191400162D6F /* Products */,
			);
			sourceTree = "<group>";
		};
		F12EA56A2A53191400162D6F /* Products */ = {
			isa = PBXGroup;
			children = (
				F12EA5692A53191400162D6F /* ToDoListAppSwiftUI.app */,
			);
			name = Products;
			sourceTree = "<group>";
		};
		F12EA56B2A53191400162D6F /* ToDoListAppSwiftUI */ = {
			isa = PBXGroup;
			children = (
				F105A34B2A53DB4D00789C3E /* ViewModel */,
				F105A3482A53D23B00789C3E /* Model */,
				F12EA57A2A5319BD00162D6F /* Views */,
				F12EA56C2A53191400162D6F /* ToDoListAppSwiftUIApp.swift */,
				F12EA5702A53191600162D6F /* Assets.xcassets */,
				F12EA5722A53191600162D6F /* Preview Content */,
				F147629D2A55A2B500C48E8C /* LaunchScreen.storyboard */,
			);
			path = ToDoListAppSwiftUI;
			sourceTree = "<group>";
		};
		F12EA5722A53191600162D6F /* Preview Content */ = {
			isa = PBXGroup;
			children = (
				F12EA5732A53191600162D6F /* Preview Assets.xcassets */,
			);
			path = "Preview Content";
			sourceTree = "<group>";
		};
		F12EA57A2A5319BD00162D6F /* Views */ = {
			isa = PBXGroup;
			children = (
				F12EA57B2A5319E500162D6F /* ListView.swift */,
				F12EA57D2A531B3200162D6F /* ListRowView.swift */,
				F105A3462A53CF8D00789C3E /* AddView.swift */,
				F131A6F62A544C5700109216 /* NoItemFoundView.swift */,
			);
			path = Views;
			sourceTree = "<group>";
		};
/* End PBXGroup section */

/* Begin PBXNativeTarget section */
		F12EA5682A53191400162D6F /* ToDoListAppSwiftUI */ = {
			isa = PBXNativeTarget;
			buildConfigurationList = F12EA5772A53191600162D6F /* Build configuration list for PBXNativeTarget "ToDoListAppSwiftUI" */;
			buildPhases = (
				F12EA5652A53191400162D6F /* Sources */,
				F12EA5662A53191400162D6F /* Frameworks */,
				F12EA5672A53191400162D6F /* Resources */,
			);
			buildRules = (
			);
			dependencies = (
			);
			name = ToDoListAppSwiftUI;
			productName = ToDoListAppSwiftUI;
			productReference = F12EA5692A53191400162D6F /* ToDoListAppSwiftUI.app */;
			productType = "com.apple.product-type.application";
		};
/* End PBXNativeTarget section */

/* Begin PBXProject section */
		F12EA5612A53191400162D6F /* Project object */ = {
			isa = PBXProject;
			attributes = {
				BuildIndependentTargetsInParallel = 1;
				LastSwiftUpdateCheck = 1500;
				LastUpgradeCheck = 1500;
				TargetAttributes = {
					F12EA5682A53191400162D6F = {
						CreatedOnToolsVersion = 15.0;
					};
				};
			};
			buildConfigurationList = F12EA5642A53191400162D6F /* Build configuration list for PBXProject "ToDoListAppSwiftUI" */;
			compatibilityVersion = "Xcode 14.0";
			developmentRegion = en;
			hasScannedForEncodings = 0;
			knownRegions = (
				en,
				Base,
			);
			mainGroup = F12EA5602A53191400162D6F;
			productRefGroup = F12EA56A2A53191400162D6F /* Products */;
			projectDirPath = "";
			projectRoot = "";
			targets = (
				F12EA5682A53191400162D6F /* ToDoListAppSwiftUI */,
			);
		};
/* End PBXProject section */

/* Begin PBXResourcesBuildPhase section */
		F12EA5672A53191400162D6F /* Resources */ = {
			isa = PBXResourcesBuildPhase;
			buildActionMask = 2147483647;
			files = (
				F147629E2A55A2B500C48E8C /* LaunchScreen.storyboard in Resources */,
				F12EA5742A53191600162D6F /* Preview Assets.xcassets in Resources */,
				F12EA5712A53191600162D6F /* Assets.xcassets in Resources */,
			);
			runOnlyForDeploymentPostprocessing = 0;
		};
/* End PBXResourcesBuildPhase section */

/* Begin PBXSourcesBuildPhase section */
		F12EA5652A53191400162D6F /* Sources */ = {
			isa = PBXSourcesBuildPhase;
			buildActionMask = 2147483647;
			files = (
				F105A34A2A53D2AD00789C3E /* ItemModel.swift in Sources */,
				F105A3472A53CF8D00789C3E /* AddView.swift in Sources */,
				F105A34D2A53DB6900789C3E /* ListViewModel.swift in Sources */,
				F12EA56D2A53191400162D6F /* ToDoListAppSwiftUIApp.swift in Sources */,
				F131A6F72A544C5700109216 /* NoItemFoundView.swift in Sources */,
				F12EA57C2A5319E500162D6F /* ListView.swift in Sources */,
				F12EA57E2A531B3200162D6F /* ListRowView.swift in Sources */,
			);
			runOnlyForDeploymentPostprocessing = 0;
		};
/* End PBXSourcesBuildPhase section */

/* Begin XCBuildConfiguration section */
		F12EA5752A53191600162D6F /* Debug */ = {
			isa = XCBuildConfiguration;
			buildSettings = {
				ALWAYS_SEARCH_USER_PATHS = NO;
				ASSETCATALOG_COMPILER_GENERATE_SWIFT_ASSET_SYMBOL_EXTENSIONS = YES;
				CLANG_ANALYZER_NONNULL = YES;
				CLANG_ANALYZER_NUMBER_OBJECT_CONVERSION = YES_AGGRESSIVE;
				CLANG_CXX_LANGUAGE_STANDARD = "gnu++20";
				CLANG_ENABLE_MODULES = YES;
				CLANG_ENABLE_OBJC_ARC = YES;
				CLANG_ENABLE_OBJC_WEAK = YES;
				CLANG_WARN_BLOCK_CAPTURE_AUTORELEASING = YES;
				CLANG_WARN_BOOL_CONVERSION = YES;
				CLANG_WARN_COMMA = YES;
				CLANG_WARN_CONSTANT_CONVERSION = YES;
				CLANG_WARN_DEPRECATED_OBJC_IMPLEMENTATIONS = YES;
				CLANG_WARN_DIRECT_OBJC_ISA_USAGE = YES_ERROR;
				CLANG_WARN_DOCUMENTATION_COMMENTS = YES;
				CLANG_WARN_EMPTY_BODY = YES;
				CLANG_WARN_ENUM_CONVERSION = YES;
				CLANG_WARN_INFINITE_RECURSION = YES;
				CLANG_WARN_INT_CONVERSION = YES;
				CLANG_WARN_NON_LITERAL_NULL_CONVERSION = YES;
				CLANG_WARN_OBJC_IMPLICIT_RETAIN_SELF = YES;
				CLANG_WARN_OBJC_LITERAL_CONVERSION = YES;
				CLANG_WARN_OBJC_ROOT_CLASS = YES_ERROR;
				CLANG_WARN_QUOTED_INCLUDE_IN_FRAMEWORK_HEADER = YES;
				CLANG_WARN_RANGE_LOOP_ANALYSIS = YES;
				CLANG_WARN_STRICT_PROTOTYPES = YES;
				CLANG_WARN_SUSPICIOUS_MOVE = YES;
				CLANG_WARN_UNGUARDED_AVAILABILITY = YES_AGGRESSIVE;
				CLANG_WARN_UNREACHABLE_CODE = YES;
				CLANG_WARN__DUPLICATE_METHOD_MATCH = YES;
				COPY_PHASE_STRIP = NO;
				DEBUG_INFORMATION_FORMAT = dwarf;
				ENABLE_STRICT_OBJC_MSGSEND = YES;
				ENABLE_TESTABILITY = YES;
				ENABLE_USER_SCRIPT_SANDBOXING = YES;
				GCC_C_LANGUAGE_STANDARD = gnu17;
				GCC_DYNAMIC_NO_PIC = NO;
				GCC_NO_COMMON_BLOCKS = YES;
				GCC_OPTIMIZATION_LEVEL = 0;
				GCC_PREPROCESSOR_DEFINITIONS = (
					"DEBUG=1",
					"$(inherited)",
				);
				GCC_WARN_64_TO_32_BIT_CONVERSION = YES;
				GCC_WARN_ABOUT_RETURN_TYPE = YES_ERROR;
				GCC_WARN_UNDECLARED_SELECTOR = YES;
				GCC_WARN_UNINITIALIZED_AUTOS = YES_AGGRESSIVE;
				GCC_WARN_UNUSED_FUNCTION = YES;
				GCC_WARN_UNUSED_VARIABLE = YES;
				IPHONEOS_DEPLOYMENT_TARGET = 17.0;
				LOCALIZATION_PREFERS_STRING_CATALOGS = YES;
				MTL_ENABLE_DEBUG_INFO = INCLUDE_SOURCE;
				MTL_FAST_MATH = YES;
				ONLY_ACTIVE_ARCH = YES;
				SDKROOT = iphoneos;
				SWIFT_ACTIVE_COMPILATION_CONDITIONS = "DEBUG $(inherited)";
				SWIFT_OPTIMIZATION_LEVEL = "-Onone";
			};
			name = Debug;
		};
		F12EA5762A53191600162D6F /* Release */ = {
			isa = XCBuildConfiguration;
			buildSettings = {
				ALWAYS_SEARCH_USER_PATHS = NO;
				ASSETCATALOG_COMPILER_GENERATE_SWIFT_ASSET_SYMBOL_EXTENSIONS = YES;
				CLANG_ANALYZER_NONNULL = YES;
				CLANG_ANALYZER_NUMBER_OBJECT_CONVERSION = YES_AGGRESSIVE;
				CLANG_CXX_LANGUAGE_STANDARD = "gnu++20";
				CLANG_ENABLE_MODULES = YES;
				CLANG_ENABLE_OBJC_ARC = YES;
				CLANG_ENABLE_OBJC_WEAK = YES;
				CLANG_WARN_BLOCK_CAPTURE_AUTORELEASING = YES;
				CLANG_WARN_BOOL_CONVERSION = YES;
				CLANG_WARN_COMMA = YES;
				CLANG_WARN_CONSTANT_CONVERSION = YES;
				CLANG_WARN_DEPRECATED_OBJC_IMPLEMENTATIONS = YES;
				CLANG_WARN_DIRECT_OBJC_ISA_USAGE = YES_ERROR;
				CLANG_WARN_DOCUMENTATION_COMMENTS = YES;
				CLANG_WARN_EMPTY_BODY = YES;
				CLANG_WARN_ENUM_CONVERSION = YES;
				CLANG_WARN_INFINITE_RECURSION = YES;
				CLANG_WARN_INT_CONVERSION = YES;
				CLANG_WARN_NON_LITERAL_NULL_CONVERSION = YES;
				CLANG_WARN_OBJC_IMPLICIT_RETAIN_SELF = YES;
				CLANG_WARN_OBJC_LITERAL_CONVERSION = YES;
				CLANG_WARN_OBJC_ROOT_CLASS = YES_ERROR;
				CLANG_WARN_QUOTED_INCLUDE_IN_FRAMEWORK_HEADER = YES;
				CLANG_WARN_RANGE_LOOP_ANALYSIS = YES;
				CLANG_WARN_STRICT_PROTOTYPES = YES;
				CLANG_WARN_SUSPICIOUS_MOVE = YES;
				CLANG_WARN_UNGUARDED_AVAILABILITY = YES_AGGRESSIVE;
				CLANG_WARN_UNREACHABLE_CODE = YES;
				CLANG_WARN__DUPLICATE_METHOD_MATCH = YES;
				COPY_PHASE_STRIP = NO;
				DEBUG_INFORMATION_FORMAT = "dwarf-with-dsym";
				ENABLE_NS_ASSERTIONS = NO;
				ENABLE_STRICT_OBJC_MSGSEND = YES;
				ENABLE_USER_SCRIPT_SANDBOXING = YES;
				GCC_C_LANGUAGE_STANDARD = gnu17;
				GCC_NO_COMMON_BLOCKS = YES;
				GCC_WARN_64_TO_32_BIT_CONVERSION = YES;
				GCC_WARN_ABOUT_RETURN_TYPE = YES_ERROR;
				GCC_WARN_UNDECLARED_SELECTOR = YES;
				GCC_WARN_UNINITIALIZED_AUTOS = YES_AGGRESSIVE;
				GCC_WARN_UNUSED_FUNCTION = YES;
				GCC_WARN_UNUSED_VARIABLE = YES;
				IPHONEOS_DEPLOYMENT_TARGET = 17.0;
				LOCALIZATION_PREFERS_STRING_CATALOGS = YES;
				MTL_ENABLE_DEBUG_INFO = NO;
				MTL_FAST_MATH = YES;
				SDKROOT = iphoneos;
				SWIFT_COMPILATION_MODE = wholemodule;
				VALIDATE_PRODUCT = YES;
			};
			name = Release;
		};
		F12EA5782A53191600162D6F /* Debug */ = {
			isa = XCBuildConfiguration;
			buildSettings = {
				ASSETCATALOG_COMPILER_APPICON_NAME = AppIcon;
				ASSETCATALOG_COMPILER_GLOBAL_ACCENT_COLOR_NAME = AccentColor;
				CODE_SIGN_STYLE = Automatic;
				CURRENT_PROJECT_VERSION = 1;
				DEVELOPMENT_ASSET_PATHS = "\"ToDoListAppSwiftUI/Preview Content\"";
				DEVELOPMENT_TEAM = 7BY6MSKN3H;
				ENABLE_PREVIEWS = YES;
				GENERATE_INFOPLIST_FILE = YES;
				INFOPLIST_KEY_CFBundleDisplayName = "TODO List";
				INFOPLIST_KEY_UIApplicationSceneManifest_Generation = YES;
				INFOPLIST_KEY_UIApplicationSupportsIndirectInputEvents = YES;
				INFOPLIST_KEY_UILaunchScreen_Generation = YES;
				INFOPLIST_KEY_UILaunchStoryboardName = LaunchScreen.storyboard;
				INFOPLIST_KEY_UISupportedInterfaceOrientations_iPad = "UIInterfaceOrientationPortrait UIInterfaceOrientationPortraitUpsideDown UIInterfaceOrientationLandscapeLeft UIInterfaceOrientationLandscapeRight";
				INFOPLIST_KEY_UISupportedInterfaceOrientations_iPhone = "UIInterfaceOrientationPortrait UIInterfaceOrientationLandscapeLeft UIInterfaceOrientationLandscapeRight";
				LD_RUNPATH_SEARCH_PATHS = (
					"$(inherited)",
					"@executable_path/Frameworks",
				);
				MARKETING_VERSION = 1.0;
				PRODUCT_BUNDLE_IDENTIFIER = com.bhavin.ToDoListAppSwiftUI;
				PRODUCT_NAME = "$(TARGET_NAME)";
				SWIFT_EMIT_LOC_STRINGS = YES;
				SWIFT_VERSION = 5.0;
				TARGETED_DEVICE_FAMILY = "1,2";
			};
			name = Debug;
		};
		F12EA5792A53191600162D6F /* Release */ = {
			isa = XCBuildConfiguration;
			buildSettings = {
				ASSETCATALOG_COMPILER_APPICON_NAME = AppIcon;
				ASSETCATALOG_COMPILER_GLOBAL_ACCENT_COLOR_NAME = AccentColor;
				CODE_SIGN_STYLE = Automatic;
				CURRENT_PROJECT_VERSION = 1;
				DEVELOPMENT_ASSET_PATHS = "\"ToDoListAppSwiftUI/Preview Content\"";
				DEVELOPMENT_TEAM = 7BY6MSKN3H;
				ENABLE_PREVIEWS = YES;
				GENERATE_INFOPLIST_FILE = YES;
				INFOPLIST_KEY_CFBundleDisplayName = "TODO List";
				INFOPLIST_KEY_UIApplicationSceneManifest_Generation = YES;
				INFOPLIST_KEY_UIApplicationSupportsIndirectInputEvents = YES;
				INFOPLIST_KEY_UILaunchScreen_Generation = YES;
				INFOPLIST_KEY_UILaunchStoryboardName = LaunchScreen.storyboard;
				INFOPLIST_KEY_UISupportedInterfaceOrientations_iPad = "UIInterfaceOrientationPortrait UIInterfaceOrientationPortraitUpsideDown UIInterfaceOrientationLandscapeLeft UIInterfaceOrientationLandscapeRight";
				INFOPLIST_KEY_UISupportedInterfaceOrientations_iPhone = "UIInterfaceOrientationPortrait UIInterfaceOrientationLandscapeLeft UIInterfaceOrientationLandscapeRight";
				LD_RUNPATH_SEARCH_PATHS = (
					"$(inherited)",
					"@executable_path/Frameworks",
				);
				MARKETING_VERSION = 1.0;
				PRODUCT_BUNDLE_IDENTIFIER = com.bhavin.ToDoListAppSwiftUI;
				PRODUCT_NAME = "$(TARGET_NAME)";
				SWIFT_EMIT_LOC_STRINGS = YES;
				SWIFT_VERSION = 5.0;
				TARGETED_DEVICE_FAMILY = "1,2";
			};
			name = Release;
		};
/* End XCBuildConfiguration section */

/* Begin XCConfigurationList section */
		F12EA5642A53191400162D6F /* Build configuration list for PBXProject "ToDoListAppSwiftUI" */ = {
			isa = XCConfigurationList;
			buildConfigurations = (
				F12EA5752A53191600162D6F /* Debug */,
				F12EA5762A53191600162D6F /* Release */,
			);
			defaultConfigurationIsVisible = 0;
			defaultConfigurationName = Release;
		};
		F12EA5772A53191600162D6F /* Build configuration list for PBXNativeTarget "ToDoListAppSwiftUI" */ = {
			isa = XCConfigurationList;
			buildConfigurations = (
				F12EA5782A53191600162D6F /* Debug */,
				F12EA5792A53191600162D6F /* Release */,
			);
			defaultConfigurationIsVisible = 0;
			defaultConfigurationName = Release;
		};
/* End XCConfigurationList section */
	};
	rootObject = F12EA5612A53191400162D6F /* Project object */;
}
